
Microsoft Visual Studio Solution File, Format Version 12.00
# Visual Studio Version 17
VisualStudioVersion = 17.9.34622.214
MinimumVisualStudioVersion = 10.0.40219.1
Project("{FAE04EC0-301F-11D3-BF4B-00C04F79EFBC}") = "Decimal", "Decimal\Decimal.csproj", "{71FC5795-CB72-489B-B4C1-C59CFB4F3385}"
EndProject
Global
	GlobalSection(SolutionConfigurationPlatforms) = preSolution
		Debug|Any CPU = Debug|Any CPU
		Release|Any CPU = Release|Any CPU
	EndGlobalSection
	GlobalSection(ProjectConfigurationPlatforms) = postSolution
		{71FC5795-CB72-489B-B4C1-C59CFB4F3385}.Debug|Any CPU.ActiveCfg = Debug|Any CPU
		{71FC5795-CB72-489B-B4C1-C59CFB4F3385}.Debug|Any CPU.Build.0 = Debug|Any CPU
		{71FC5795-CB72-489B-B4C1-C59CFB4F3385}.Release|Any CPU.ActiveCfg = Release|Any CPU
		{71FC5795-CB72-489B-B4C1-C59CFB4F3385}.Release|Any CPU.Build.0 = Release|Any CPU
	EndGlobalSection
	GlobalSection(SolutionProperties) = preSolution
		HideSolutionNode = FALSE
	EndGlobalSection
	GlobalSection(ExtensibilityGlobals) = postSolution
		SolutionGuid = {5A7E5F29-D5D7-45B1-996B-52E77F5754E9}
	EndGlobalSection
EndGlobal
