
Microsoft Visual Studio Solution File, Format Version 12.00
# Visual Studio Version 17
VisualStudioVersion = 17.9.34622.214
MinimumVisualStudioVersion = 10.0.40219.1
Project("{FAE04EC0-301F-11D3-BF4B-00C04F79EFBC}") = "Overflow", "Overflow\Overflow.csproj", "{D859670A-3996-4F97-B7F8-95FE92C16C41}"
EndProject
Global
	GlobalSection(SolutionConfigurationPlatforms) = preSolution
		Debug|Any CPU = Debug|Any CPU
		Release|Any CPU = Release|Any CPU
	EndGlobalSection
	GlobalSection(ProjectConfigurationPlatforms) = postSolution
		{D859670A-3996-4F97-B7F8-95FE92C16C41}.Debug|Any CPU.ActiveCfg = Debug|Any CPU
		{D859670A-3996-4F97-B7F8-95FE92C16C41}.Debug|Any CPU.Build.0 = Debug|Any CPU
		{D859670A-3996-4F97-B7F8-95FE92C16C41}.Release|Any CPU.ActiveCfg = Release|Any CPU
		{D859670A-3996-4F97-B7F8-95FE92C16C41}.Release|Any CPU.Build.0 = Release|Any CPU
	EndGlobalSection
	GlobalSection(SolutionProperties) = preSolution
		HideSolutionNode = FALSE
	EndGlobalSection
	GlobalSection(ExtensibilityGlobals) = postSolution
		SolutionGuid = {952D87CC-0112-443F-A821-CB24F5A7B6BD}
	EndGlobalSection
EndGlobal
