
Microsoft Visual Studio Solution File, Format Version 12.00
# Visual Studio Version 17
VisualStudioVersion = 17.9.34622.214
MinimumVisualStudioVersion = 10.0.40219.1
Project("{FAE04EC0-301F-11D3-BF4B-00C04F79EFBC}") = "IntegralTypes", "IntegralTypes\IntegralTypes.csproj", "{9758BBEC-2F2B-4AEA-97BE-3E98DD0071C0}"
EndProject
Global
	GlobalSection(SolutionConfigurationPlatforms) = preSolution
		Debug|Any CPU = Debug|Any CPU
		Release|Any CPU = Release|Any CPU
	EndGlobalSection
	GlobalSection(ProjectConfigurationPlatforms) = postSolution
		{9758BBEC-2F2B-4AEA-97BE-3E98DD0071C0}.Debug|Any CPU.ActiveCfg = Debug|Any CPU
		{9758BBEC-2F2B-4AEA-97BE-3E98DD0071C0}.Debug|Any CPU.Build.0 = Debug|Any CPU
		{9758BBEC-2F2B-4AEA-97BE-3E98DD0071C0}.Release|Any CPU.ActiveCfg = Release|Any CPU
		{9758BBEC-2F2B-4AEA-97BE-3E98DD0071C0}.Release|Any CPU.Build.0 = Release|Any CPU
	EndGlobalSection
	GlobalSection(SolutionProperties) = preSolution
		HideSolutionNode = FALSE
	EndGlobalSection
	GlobalSection(ExtensibilityGlobals) = postSolution
		SolutionGuid = {2EF09164-C359-4407-86E8-BE2E5607E314}
	EndGlobalSection
EndGlobal
