
Microsoft Visual Studio Solution File, Format Version 12.00
# Visual Studio Version 17
VisualStudioVersion = 17.9.34902.65
MinimumVisualStudioVersion = 10.0.40219.1
Project("{FAE04EC0-301F-11D3-BF4B-00C04F79EFBC}") = "StringFormatDatetime", "StringFormatDatetime.csproj", "{6B8E7899-DB76-4844-99EB-CB7B3766CAC7}"
EndProject
Global
	GlobalSection(SolutionConfigurationPlatforms) = preSolution
		Debug|Any CPU = Debug|Any CPU
		Release|Any CPU = Release|Any CPU
	EndGlobalSection
	GlobalSection(ProjectConfigurationPlatforms) = postSolution
		{6B8E7899-DB76-4844-99EB-CB7B3766CAC7}.Debug|Any CPU.ActiveCfg = Debug|Any CPU
		{6B8E7899-DB76-4844-99EB-CB7B3766CAC7}.Debug|Any CPU.Build.0 = Debug|Any CPU
		{6B8E7899-DB76-4844-99EB-CB7B3766CAC7}.Release|Any CPU.ActiveCfg = Release|Any CPU
		{6B8E7899-DB76-4844-99EB-CB7B3766CAC7}.Release|Any CPU.Build.0 = Release|Any CPU
	EndGlobalSection
	GlobalSection(SolutionProperties) = preSolution
		HideSolutionNode = FALSE
	EndGlobalSection
	GlobalSection(ExtensibilityGlobals) = postSolution
		SolutionGuid = {49E851CD-FDA1-49AE-A9C7-D5C32E5ACF96}
	EndGlobalSection
EndGlobal
